
Microsoft Visual Studio Solution File, Format Version 12.00
# Visual Studio Version 16
VisualStudioVersion = 16.0.32413.511
MinimumVisualStudioVersion = 10.0.40219.1
Project("{FAE04EC0-301F-11D3-BF4B-00C04F79EFBC}") = "SHM(Smart Hospital Management)", "SHM(Smart Hospital Management).csproj", "{7F4B0C0E-9B7E-43F8-A9DA-AE90D5D8A7CA}"
EndProject
Global
	GlobalSection(SolutionConfigurationPlatforms) = preSolution
		Debug|Any CPU = Debug|Any CPU
		Release|Any CPU = Release|Any CPU
	EndGlobalSection
	GlobalSection(ProjectConfigurationPlatforms) = postSolution
		{7F4B0C0E-9B7E-43F8-A9DA-AE90D5D8A7CA}.Debug|Any CPU.ActiveCfg = Debug|Any CPU
		{7F4B0C0E-9B7E-43F8-A9DA-AE90D5D8A7CA}.Debug|Any CPU.Build.0 = Debug|Any CPU
		{7F4B0C0E-9B7E-43F8-A9DA-AE90D5D8A7CA}.Release|Any CPU.ActiveCfg = Release|Any CPU
		{7F4B0C0E-9B7E-43F8-A9DA-AE90D5D8A7CA}.Release|Any CPU.Build.0 = Release|Any CPU
	EndGlobalSection
	GlobalSection(SolutionProperties) = preSolution
		HideSolutionNode = FALSE
	EndGlobalSection
	GlobalSection(ExtensibilityGlobals) = postSolution
		SolutionGuid = {3F8D98D6-0601-413D-B37F-229558FD8E55}
	EndGlobalSection
EndGlobal
